{
  "name": "@rezkit/tours-examples",
  "version": "1.0.0",
  "lockfileVersion": 2,
  "requires": true,
  "packages": {
    "": {
      "name": "@rezkit/tours-examples",
      "version": "1.0.0",
      "dependencies": {
        "@rezkit/tours": "file:..",
        "@types/node": "^18.15.3",
        "typescript": "^4.9.5"
      }
    },
    "..": {
      "name": "@rezkit/tour-manager",
      "version": "0.1.0",
      "license": "MIT",
      "dependencies": {
        "axios": "^1.2.3",
        "axios-logger": "^2.6.2"
      },
      "devDependencies": {
        "@types/node": "^18.11.18",
        "eslint": "^8.32.0",
        "typescript": "^4.9.4"
      }
    },
    "node_modules/@rezkit/tours": {
      "resolved": "..",
      "link": true
    },
    "node_modules/@types/node": {
      "version": "18.15.5",
      "resolved": "https://registry.npmjs.org/@types/node/-/node-18.15.5.tgz",
      "integrity": "sha512-Ark2WDjjZO7GmvsyFFf81MXuGTA/d6oP38anyxWOL6EREyBKAxKoFHwBhaZxCfLRLpO8JgVXwqOwSwa7jRcjew=="
    },
    "node_modules/typescript": {
      "version": "4.9.5",
      "resolved": "https://registry.npmjs.org/typescript/-/typescript-4.9.5.tgz",
      "integrity": "sha512-1FXk9E2Hm+QzZQ7z+McJiHL4NW1F2EzMu9Nq9i3zAaGqibafqYwCVU6WyWAuyQRRzOlxou8xZSyXLEN8oKj24g==",
      "bin": {
        "tsc": "bin/tsc",
        "tsserver": "bin/tsserver"
      },
      "engines": {
        "node": ">=4.2.0"
      }
    }
  },
  "dependencies": {
    "@rezkit/tours": {
      "version": "file:..",
      "requires": {
        "@types/node": "^18.11.18",
        "axios": "^1.2.3",
        "axios-logger": "^2.6.2",
        "eslint": "^8.32.0",
        "typescript": "^4.9.4"
      }
    },
    "@types/node": {
      "version": "18.15.5",
      "resolved": "https://registry.npmjs.org/@types/node/-/node-18.15.5.tgz",
      "integrity": "sha512-Ark2WDjjZO7GmvsyFFf81MXuGTA/d6oP38anyxWOL6EREyBKAxKoFHwBhaZxCfLRLpO8JgVXwqOwSwa7jRcjew=="
    },
    "typescript": {
      "version": "4.9.5",
      "resolved": "https://registry.npmjs.org/typescript/-/typescript-4.9.5.tgz",
      "integrity": "sha512-1FXk9E2Hm+QzZQ7z+McJiHL4NW1F2EzMu9Nq9i3zAaGqibafqYwCVU6WyWAuyQRRzOlxou8xZSyXLEN8oKj24g=="
    }
  }
}
